
Microsoft Visual Studio Solution File, Format Version 12.00
# Visual Studio 15
VisualStudioVersion = 15.0.27428.1
MinimumVisualStudioVersion = 10.0.40219.1
Project("{151D2E53-A2C4-4D7D-83FE-D05416EBD58E}") = "SVA", "SVA\SVA.deployproj", "{D1DAD5AA-E5CC-47A6-91D4-707C3E67200D}"
EndProject
Global
	GlobalSection(SolutionConfigurationPlatforms) = preSolution
		Debug|Any CPU = Debug|Any CPU
		Release|Any CPU = Release|Any CPU
	EndGlobalSection
	GlobalSection(ProjectConfigurationPlatforms) = postSolution
		{D1DAD5AA-E5CC-47A6-91D4-707C3E67200D}.Debug|Any CPU.ActiveCfg = Debug|Any CPU
		{D1DAD5AA-E5CC-47A6-91D4-707C3E67200D}.Debug|Any CPU.Build.0 = Debug|Any CPU
		{D1DAD5AA-E5CC-47A6-91D4-707C3E67200D}.Release|Any CPU.ActiveCfg = Release|Any CPU
		{D1DAD5AA-E5CC-47A6-91D4-707C3E67200D}.Release|Any CPU.Build.0 = Release|Any CPU
	EndGlobalSection
	GlobalSection(SolutionProperties) = preSolution
		HideSolutionNode = FALSE
	EndGlobalSection
	GlobalSection(ExtensibilityGlobals) = postSolution
		SolutionGuid = {8058E35B-20FD-4482-8025-ACC5F4CE39E8}
	EndGlobalSection
EndGlobal
